// !$*UTF8*$!
{
	archiveVersion = 1;
	classes = {
	};
	objectVersion = 55;
	objects = {

/* Begin PBXBuildFile section */
		ECF4A542267BCC3D00D43EBA /* WmpSU01App.swift in Sources */ = {isa = PBXBuildFile; fileRef = ECF4A541267BCC3D00D43EBA /* WmpSU01App.swift */; };
		ECF4A544267BCC3D00D43EBA /* ContentView.swift in Sources */ = {isa = PBXBuildFile; fileRef = ECF4A543267BCC3D00D43EBA /* ContentView.swift */; };
		ECF4A546267BCC3F00D43EBA /* Assets.xcassets in Resources */ = {isa = PBXBuildFile; fileRef = ECF4A545267BCC3F00D43EBA /* Assets.xcassets */; };
		ECF4A549267BCC3F00D43EBA /* Preview Assets.xcassets in Resources */ = {isa = PBXBuildFile; fileRef = ECF4A548267BCC3F00D43EBA /* Preview Assets.xcassets */; };
		ECF4A550267BCD2E00D43EBA /* WmpListModel.swift in Sources */ = {isa = PBXBuildFile; fileRef = ECF4A54F267BCD2E00D43EBA /* WmpListModel.swift */; };
		ECF4A552267BD76700D43EBA /* DetailView.swift in Sources */ = {isa = PBXBuildFile; fileRef = ECF4A551267BD76700D43EBA /* DetailView.swift */; };
/* End PBXBuildFile section */

/* Begin PBXFileReference section */
		ECF4A53E267BCC3D00D43EBA /* WmpSU01.app */ = {isa = PBXFileReference; explicitFileType = wrapper.application; includeInIndex = 0; path = WmpSU01.app; sourceTree = BUILT_PRODUCTS_DIR; };
		ECF4A541267BCC3D00D43EBA /* WmpSU01App.swift */ = {isa = PBXFileReference; lastKnownFileType = sourcecode.swift; path = WmpSU01App.swift; sourceTree = "<group>"; };
		ECF4A543267BCC3D00D43EBA /* ContentView.swift */ = {isa = PBXFileReference; lastKnownFileType = sourcecode.swift; path = ContentView.swift; sourceTree = "<group>"; };
		ECF4A545267BCC3F00D43EBA /* Assets.xcassets */ = {isa = PBXFileReference; lastKnownFileType = folder.assetcatalog; path = Assets.xcassets; sourceTree = "<group>"; };
		ECF4A548267BCC3F00D43EBA /* Preview Assets.xcassets */ = {isa = PBXFileReference; lastKnownFileType = folder.assetcatalog; path = "Preview Assets.xcassets"; sourceTree = "<group>"; };
		ECF4A54F267BCD2E00D43EBA /* WmpListModel.swift */ = {isa = PBXFileReference; lastKnownFileType = sourcecode.swift; path = WmpListModel.swift; sourceTree = "<group>"; };
		ECF4A551267BD76700D43EBA /* DetailView.swift */ = {isa = PBXFileReference; lastKnownFileType = sourcecode.swift; path = DetailView.swift; sourceTree = "<group>"; };
/* End PBXFileReference section */

/* Begin PBXFrameworksBuildPhase section */
		ECF4A53B267BCC3D00D43EBA /* Frameworks */ = {
			isa = PBXFrameworksBuildPhase;
			buildActionMask = 2147483647;
			files = (
			);
			runOnlyForDeploymentPostprocessing = 0;
		};
/* End PBXFrameworksBuildPhase section */

/* Begin PBXGroup section */
		ECF4A535267BCC3D00D43EBA = {
			isa = PBXGroup;
			children = (
				ECF4A540267BCC3D00D43EBA /* WmpSU01 */,
				ECF4A53F267BCC3D00D43EBA /* Products */,
			);
			sourceTree = "<group>";
		};
		ECF4A53F267BCC3D00D43EBA /* Products */ = {
			isa = PBXGroup;
			children = (
				ECF4A53E267BCC3D00D43EBA /* WmpSU01.app */,
			);
			name = Products;
			sourceTree = "<group>";
		};
		ECF4A540267BCC3D00D43EBA /* WmpSU01 */ = {
			isa = PBXGroup;
			children = (
				ECF4A541267BCC3D00D43EBA /* WmpSU01App.swift */,
				ECF4A543267BCC3D00D43EBA /* ContentView.swift */,
				ECF4A551267BD76700D43EBA /* DetailView.swift */,
				ECF4A54F267BCD2E00D43EBA /* WmpListModel.swift */,
				ECF4A545267BCC3F00D43EBA /* Assets.xcassets */,
				ECF4A547267BCC3F00D43EBA /* Preview Content */,
			);
			path = WmpSU01;
			sourceTree = "<group>";
		};
		ECF4A547267BCC3F00D43EBA /* Preview Content */ = {
			isa = PBXGroup;
			children = (
				ECF4A548267BCC3F00D43EBA /* Preview Assets.xcassets */,
			);
			path = "Preview Content";
			sourceTree = "<group>";
		};
/* End PBXGroup section */

/* Begin PBXNativeTarget section */
		ECF4A53D267BCC3D00D43EBA /* WmpSU01 */ = {
			isa = PBXNativeTarget;
			buildConfigurationList = ECF4A54C267BCC3F00D43EBA /* Build configuration list for PBXNativeTarget "WmpSU01" */;
			buildPhases = (
				ECF4A53A267BCC3D00D43EBA /* Sources */,
				ECF4A53B267BCC3D00D43EBA /* Frameworks */,
				ECF4A53C267BCC3D00D43EBA /* Resources */,
			);
			buildRules = (
			);
			dependencies = (
			);
			name = WmpSU01;
			productName = WmpSU01;
			productReference = ECF4A53E267BCC3D00D43EBA /* WmpSU01.app */;
			productType = "com.apple.product-type.application";
		};
/* End PBXNativeTarget section */

/* Begin PBXProject section */
		ECF4A536267BCC3D00D43EBA /* Project object */ = {
			isa = PBXProject;
			attributes = {
				BuildIndependentTargetsInParallel = 1;
				LastSwiftUpdateCheck = 1300;
				LastUpgradeCheck = 1300;
				TargetAttributes = {
					ECF4A53D267BCC3D00D43EBA = {
						CreatedOnToolsVersion = 13.0;
					};
				};
			};
			buildConfigurationList = ECF4A539267BCC3D00D43EBA /* Build configuration list for PBXProject "WmpSU01" */;
			compatibilityVersion = "Xcode 13.0";
			developmentRegion = en;
			hasScannedForEncodings = 0;
			knownRegions = (
				en,
				Base,
			);
			mainGroup = ECF4A535267BCC3D00D43EBA;
			productRefGroup = ECF4A53F267BCC3D00D43EBA /* Products */;
			projectDirPath = "";
			projectRoot = "";
			targets = (
				ECF4A53D267BCC3D00D43EBA /* WmpSU01 */,
			);
		};
/* End PBXProject section */

/* Begin PBXResourcesBuildPhase section */
		ECF4A53C267BCC3D00D43EBA /* Resources */ = {
			isa = PBXResourcesBuildPhase;
			buildActionMask = 2147483647;
			files = (
				ECF4A549267BCC3F00D43EBA /* Preview Assets.xcassets in Resources */,
				ECF4A546267BCC3F00D43EBA /* Assets.xcassets in Resources */,
			);
			runOnlyForDeploymentPostprocessing = 0;
		};
/* End PBXResourcesBuildPhase section */

/* Begin PBXSourcesBuildPhase section */
		ECF4A53A267BCC3D00D43EBA /* Sources */ = {
			isa = PBXSourcesBuildPhase;
			buildActionMask = 2147483647;
			files = (
				ECF4A544267BCC3D00D43EBA /* ContentView.swift in Sources */,
				ECF4A552267BD76700D43EBA /* DetailView.swift in Sources */,
				ECF4A542267BCC3D00D43EBA /* WmpSU01App.swift in Sources */,
				ECF4A550267BCD2E00D43EBA /* WmpListModel.swift in Sources */,
			);
			runOnlyForDeploymentPostprocessing = 0;
		};
/* End PBXSourcesBuildPhase section */

/* Begin XCBuildConfiguration section */
		ECF4A54A267BCC3F00D43EBA /* Debug */ = {
			isa = XCBuildConfiguration;
			buildSettings = {
				ALWAYS_SEARCH_USER_PATHS = NO;
				CLANG_ANALYZER_NONNULL = YES;
				CLANG_ANALYZER_NUMBER_OBJECT_CONVERSION = YES_AGGRESSIVE;
				CLANG_CXX_LANGUAGE_STANDARD = "gnu++14";
				CLANG_CXX_LIBRARY = "libc++";
				CLANG_ENABLE_MODULES = YES;
				CLANG_ENABLE_OBJC_ARC = YES;
				CLANG_ENABLE_OBJC_WEAK = YES;
				CLANG_WARN_BLOCK_CAPTURE_AUTORELEASING = YES;
				CLANG_WARN_BOOL_CONVERSION = YES;
				CLANG_WARN_COMMA = YES;
				CLANG_WARN_CONSTANT_CONVERSION = YES;
				CLANG_WARN_DEPRECATED_OBJC_IMPLEMENTATIONS = YES;
				CLANG_WARN_DIRECT_OBJC_ISA_USAGE = YES_ERROR;
				CLANG_WARN_DOCUMENTATION_COMMENTS = YES;
				CLANG_WARN_EMPTY_BODY = YES;
				CLANG_WARN_ENUM_CONVERSION = YES;
				CLANG_WARN_INFINITE_RECURSION = YES;
				CLANG_WARN_INT_CONVERSION = YES;
				CLANG_WARN_NON_LITERAL_NULL_CONVERSION = YES;
				CLANG_WARN_OBJC_IMPLICIT_RETAIN_SELF = YES;
				CLANG_WARN_OBJC_LITERAL_CONVERSION = YES;
				CLANG_WARN_OBJC_ROOT_CLASS = YES_ERROR;
				CLANG_WARN_QUOTED_INCLUDE_IN_FRAMEWORK_HEADER = YES;
				CLANG_WARN_RANGE_LOOP_ANALYSIS = YES;
				CLANG_WARN_STRICT_PROTOTYPES = YES;
				CLANG_WARN_SUSPICIOUS_MOVE = YES;
				CLANG_WARN_UNGUARDED_AVAILABILITY = YES_AGGRESSIVE;
				CLANG_WARN_UNREACHABLE_CODE = YES;
				CLANG_WARN__DUPLICATE_METHOD_MATCH = YES;
				COPY_PHASE_STRIP = NO;
				DEBUG_INFORMATION_FORMAT = dwarf;
				ENABLE_STRICT_OBJC_MSGSEND = YES;
				ENABLE_TESTABILITY = YES;
				GCC_C_LANGUAGE_STANDARD = gnu11;
				GCC_DYNAMIC_NO_PIC = NO;
				GCC_NO_COMMON_BLOCKS = YES;
				GCC_OPTIMIZATION_LEVEL = 0;
				GCC_PREPROCESSOR_DEFINITIONS = (
					"DEBUG=1",
					"$(inherited)",
				);
				GCC_WARN_64_TO_32_BIT_CONVERSION = YES;
				GCC_WARN_ABOUT_RETURN_TYPE = YES_ERROR;
				GCC_WARN_UNDECLARED_SELECTOR = YES;
				GCC_WARN_UNINITIALIZED_AUTOS = YES_AGGRESSIVE;
				GCC_WARN_UNUSED_FUNCTION = YES;
				GCC_WARN_UNUSED_VARIABLE = YES;
				IPHONEOS_DEPLOYMENT_TARGET = 15.0;
				MTL_ENABLE_DEBUG_INFO = INCLUDE_SOURCE;
				MTL_FAST_MATH = YES;
				ONLY_ACTIVE_ARCH = YES;
				SDKROOT = iphoneos;
				SWIFT_ACTIVE_COMPILATION_CONDITIONS = DEBUG;
				SWIFT_OPTIMIZATION_LEVEL = "-Onone";
			};
			name = Debug;
		};
		ECF4A54B267BCC3F00D43EBA /* Release */ = {
			isa = XCBuildConfiguration;
			buildSettings = {
				ALWAYS_SEARCH_USER_PATHS = NO;
				CLANG_ANALYZER_NONNULL = YES;
				CLANG_ANALYZER_NUMBER_OBJECT_CONVERSION = YES_AGGRESSIVE;
				CLANG_CXX_LANGUAGE_STANDARD = "gnu++14";
				CLANG_CXX_LIBRARY = "libc++";
				CLANG_ENABLE_MODULES = YES;
				CLANG_ENABLE_OBJC_ARC = YES;
				CLANG_ENABLE_OBJC_WEAK = YES;
				CLANG_WARN_BLOCK_CAPTURE_AUTORELEASING = YES;
				CLANG_WARN_BOOL_CONVERSION = YES;
				CLANG_WARN_COMMA = YES;
				CLANG_WARN_CONSTANT_CONVERSION = YES;
				CLANG_WARN_DEPRECATED_OBJC_IMPLEMENTATIONS = YES;
				CLANG_WARN_DIRECT_OBJC_ISA_USAGE = YES_ERROR;
				CLANG_WARN_DOCUMENTATION_COMMENTS = YES;
				CLANG_WARN_EMPTY_BODY = YES;
				CLANG_WARN_ENUM_CONVERSION = YES;
				CLANG_WARN_INFINITE_RECURSION = YES;
				CLANG_WARN_INT_CONVERSION = YES;
				CLANG_WARN_NON_LITERAL_NULL_CONVERSION = YES;
				CLANG_WARN_OBJC_IMPLICIT_RETAIN_SELF = YES;
				CLANG_WARN_OBJC_LITERAL_CONVERSION = YES;
				CLANG_WARN_OBJC_ROOT_CLASS = YES_ERROR;
				CLANG_WARN_QUOTED_INCLUDE_IN_FRAMEWORK_HEADER = YES;
				CLANG_WARN_RANGE_LOOP_ANALYSIS = YES;
				CLANG_WARN_STRICT_PROTOTYPES = YES;
				CLANG_WARN_SUSPICIOUS_MOVE = YES;
				CLANG_WARN_UNGUARDED_AVAILABILITY = YES_AGGRESSIVE;
				CLANG_WARN_UNREACHABLE_CODE = YES;
				CLANG_WARN__DUPLICATE_METHOD_MATCH = YES;
				COPY_PHASE_STRIP = NO;
				DEBUG_INFORMATION_FORMAT = "dwarf-with-dsym";
				ENABLE_NS_ASSERTIONS = NO;
				ENABLE_STRICT_OBJC_MSGSEND = YES;
				GCC_C_LANGUAGE_STANDARD = gnu11;
				GCC_NO_COMMON_BLOCKS = YES;
				GCC_WARN_64_TO_32_BIT_CONVERSION = YES;
				GCC_WARN_ABOUT_RETURN_TYPE = YES_ERROR;
				GCC_WARN_UNDECLARED_SELECTOR = YES;
				GCC_WARN_UNINITIALIZED_AUTOS = YES_AGGRESSIVE;
				GCC_WARN_UNUSED_FUNCTION = YES;
				GCC_WARN_UNUSED_VARIABLE = YES;
				IPHONEOS_DEPLOYMENT_TARGET = 15.0;
				MTL_ENABLE_DEBUG_INFO = NO;
				MTL_FAST_MATH = YES;
				SDKROOT = iphoneos;
				SWIFT_COMPILATION_MODE = wholemodule;
				SWIFT_OPTIMIZATION_LEVEL = "-O";
				VALIDATE_PRODUCT = YES;
			};
			name = Release;
		};
		ECF4A54D267BCC3F00D43EBA /* Debug */ = {
			isa = XCBuildConfiguration;
			buildSettings = {
				ASSETCATALOG_COMPILER_APPICON_NAME = AppIcon;
				ASSETCATALOG_COMPILER_GLOBAL_ACCENT_COLOR_NAME = AccentColor;
				CODE_SIGN_STYLE = Automatic;
				CURRENT_PROJECT_VERSION = 1;
				DEVELOPMENT_ASSET_PATHS = "\"WmpSU01/Preview Content\"";
				DEVELOPMENT_TEAM = J8647L48BZ;
				ENABLE_PREVIEWS = YES;
				GENERATE_INFOPLIST_FILE = YES;
				INFOPLIST_KEY_UIApplicationSceneManifest_Generation = YES;
				INFOPLIST_KEY_UIApplicationSupportsIndirectInputEvents = YES;
				INFOPLIST_KEY_UILaunchScreen_Generation = YES;
				INFOPLIST_KEY_UISupportedInterfaceOrientations_iPad = "UIInterfaceOrientationPortrait UIInterfaceOrientationPortraitUpsideDown UIInterfaceOrientationLandscapeLeft UIInterfaceOrientationLandscapeRight";
				INFOPLIST_KEY_UISupportedInterfaceOrientations_iPhone = "UIInterfaceOrientationPortrait UIInterfaceOrientationLandscapeLeft UIInterfaceOrientationLandscapeRight";
				IPHONEOS_DEPLOYMENT_TARGET = 15.0;
				LD_RUNPATH_SEARCH_PATHS = (
					"$(inherited)",
					"@executable_path/Frameworks",
				);
				MARKETING_VERSION = 1.0;
				PRODUCT_BUNDLE_IDENTIFIER = g.WmpSU01;
				PRODUCT_NAME = "$(TARGET_NAME)";
				SWIFT_EMIT_LOC_STRINGS = YES;
				SWIFT_VERSION = 5.0;
				TARGETED_DEVICE_FAMILY = "1,2";
			};
			name = Debug;
		};
		ECF4A54E267BCC3F00D43EBA /* Release */ = {
			isa = XCBuildConfiguration;
			buildSettings = {
				ASSETCATALOG_COMPILER_APPICON_NAME = AppIcon;
				ASSETCATALOG_COMPILER_GLOBAL_ACCENT_COLOR_NAME = AccentColor;
				CODE_SIGN_STYLE = Automatic;
				CURRENT_PROJECT_VERSION = 1;
				DEVELOPMENT_ASSET_PATHS = "\"WmpSU01/Preview Content\"";
				DEVELOPMENT_TEAM = J8647L48BZ;
				ENABLE_PREVIEWS = YES;
				GENERATE_INFOPLIST_FILE = YES;
				INFOPLIST_KEY_UIApplicationSceneManifest_Generation = YES;
				INFOPLIST_KEY_UIApplicationSupportsIndirectInputEvents = YES;
				INFOPLIST_KEY_UILaunchScreen_Generation = YES;
				INFOPLIST_KEY_UISupportedInterfaceOrientations_iPad = "UIInterfaceOrientationPortrait UIInterfaceOrientationPortraitUpsideDown UIInterfaceOrientationLandscapeLeft UIInterfaceOrientationLandscapeRight";
				INFOPLIST_KEY_UISupportedInterfaceOrientations_iPhone = "UIInterfaceOrientationPortrait UIInterfaceOrientationLandscapeLeft UIInterfaceOrientationLandscapeRight";
				IPHONEOS_DEPLOYMENT_TARGET = 15.0;
				LD_RUNPATH_SEARCH_PATHS = (
					"$(inherited)",
					"@executable_path/Frameworks",
				);
				MARKETING_VERSION = 1.0;
				PRODUCT_BUNDLE_IDENTIFIER = g.WmpSU01;
				PRODUCT_NAME = "$(TARGET_NAME)";
				SWIFT_EMIT_LOC_STRINGS = YES;
				SWIFT_VERSION = 5.0;
				TARGETED_DEVICE_FAMILY = "1,2";
			};
			name = Release;
		};
/* End XCBuildConfiguration section */

/* Begin XCConfigurationList section */
		ECF4A539267BCC3D00D43EBA /* Build configuration list for PBXProject "WmpSU01" */ = {
			isa = XCConfigurationList;
			buildConfigurations = (
				ECF4A54A267BCC3F00D43EBA /* Debug */,
				ECF4A54B267BCC3F00D43EBA /* Release */,
			);
			defaultConfigurationIsVisible = 0;
			defaultConfigurationName = Release;
		};
		ECF4A54C267BCC3F00D43EBA /* Build configuration list for PBXNativeTarget "WmpSU01" */ = {
			isa = XCConfigurationList;
			buildConfigurations = (
				ECF4A54D267BCC3F00D43EBA /* Debug */,
				ECF4A54E267BCC3F00D43EBA /* Release */,
			);
			defaultConfigurationIsVisible = 0;
			defaultConfigurationName = Release;
		};
/* End XCConfigurationList section */
	};
	rootObject = ECF4A536267BCC3D00D43EBA /* Project object */;
}
